
Microsoft Visual Studio Solution File, Format Version 12.00
# Visual Studio Version 17
VisualStudioVersion = 17.5.33414.496
MinimumVisualStudioVersion = 10.0.40219.1
Project("{FAE04EC0-301F-11D3-BF4B-00C04F79EFBC}") = "AirlineTicketReservation", "AirlineTicketReservation\AirlineTicketReservation.csproj", "{CFAB656B-ACEF-4CC4-B6B1-5EA3C2AC93AD}"
EndProject
Global
	GlobalSection(SolutionConfigurationPlatforms) = preSolution
		Debug|Any CPU = Debug|Any CPU
		Release|Any CPU = Release|Any CPU
	EndGlobalSection
	GlobalSection(ProjectConfigurationPlatforms) = postSolution
		{CFAB656B-ACEF-4CC4-B6B1-5EA3C2AC93AD}.Debug|Any CPU.ActiveCfg = Debug|Any CPU
		{CFAB656B-ACEF-4CC4-B6B1-5EA3C2AC93AD}.Debug|Any CPU.Build.0 = Debug|Any CPU
		{CFAB656B-ACEF-4CC4-B6B1-5EA3C2AC93AD}.Release|Any CPU.ActiveCfg = Release|Any CPU
		{CFAB656B-ACEF-4CC4-B6B1-5EA3C2AC93AD}.Release|Any CPU.Build.0 = Release|Any CPU
	EndGlobalSection
	GlobalSection(SolutionProperties) = preSolution
		HideSolutionNode = FALSE
	EndGlobalSection
	GlobalSection(ExtensibilityGlobals) = postSolution
		SolutionGuid = {D3B7BB8E-84DD-45AB-BE5C-800ABD90DC22}
	EndGlobalSection
EndGlobal
